// !$*UTF8*$!
{
	archiveVersion = 1;
	classes = {
	};
	objectVersion = 46;
	objects = {

/* Begin PBXBuildFile section */
		AC4DBB1C1E80A9D90026928F /* main.m in Sources */ = {isa = PBXBuildFile; fileRef = AC4DBB1B1E80A9D90026928F /* main.m */; };
		AC4DBB241E80A9F30026928F /* Enfermeira.m in Sources */ = {isa = PBXBuildFile; fileRef = AC4DBB231E80A9F30026928F /* Enfermeira.m */; };
/* End PBXBuildFile section */

/* Begin PBXCopyFilesBuildPhase section */
		AC4DBB161E80A9D90026928F /* CopyFiles */ = {
			isa = PBXCopyFilesBuildPhase;
			buildActionMask = 2147483647;
			dstPath = /usr/share/man/man1/;
			dstSubfolderSpec = 0;
			files = (
			);
			runOnlyForDeploymentPostprocessing = 1;
		};
/* End PBXCopyFilesBuildPhase section */

/* Begin PBXFileReference section */
		AC4DBB181E80A9D90026928F /* Exercício Enfermeira POO 2TINR */ = {isa = PBXFileReference; explicitFileType = "compiled.mach-o.executable"; includeInIndex = 0; path = "Exercício Enfermeira POO 2TINR"; sourceTree = BUILT_PRODUCTS_DIR; };
		AC4DBB1B1E80A9D90026928F /* main.m */ = {isa = PBXFileReference; lastKnownFileType = sourcecode.c.objc; path = main.m; sourceTree = "<group>"; };
		AC4DBB221E80A9F30026928F /* Enfermeira.h */ = {isa = PBXFileReference; fileEncoding = 4; lastKnownFileType = sourcecode.c.h; path = Enfermeira.h; sourceTree = "<group>"; };
		AC4DBB231E80A9F30026928F /* Enfermeira.m */ = {isa = PBXFileReference; fileEncoding = 4; lastKnownFileType = sourcecode.c.objc; path = Enfermeira.m; sourceTree = "<group>"; };
/* End PBXFileReference section */

/* Begin PBXFrameworksBuildPhase section */
		AC4DBB151E80A9D90026928F /* Frameworks */ = {
			isa = PBXFrameworksBuildPhase;
			buildActionMask = 2147483647;
			files = (
			);
			runOnlyForDeploymentPostprocessing = 0;
		};
/* End PBXFrameworksBuildPhase section */

/* Begin PBXGroup section */
		AC4DBB0F1E80A9D90026928F = {
			isa = PBXGroup;
			children = (
				AC4DBB1A1E80A9D90026928F /* Exercício Enfermeira POO 2TINR */,
				AC4DBB191E80A9D90026928F /* Products */,
			);
			sourceTree = "<group>";
		};
		AC4DBB191E80A9D90026928F /* Products */ = {
			isa = PBXGroup;
			children = (
				AC4DBB181E80A9D90026928F /* Exercício Enfermeira POO 2TINR */,
			);
			name = Products;
			sourceTree = "<group>";
		};
		AC4DBB1A1E80A9D90026928F /* Exercício Enfermeira POO 2TINR */ = {
			isa = PBXGroup;
			children = (
				AC4DBB1B1E80A9D90026928F /* main.m */,
				AC4DBB221E80A9F30026928F /* Enfermeira.h */,
				AC4DBB231E80A9F30026928F /* Enfermeira.m */,
			);
			path = "Exercício Enfermeira POO 2TINR";
			sourceTree = "<group>";
		};
/* End PBXGroup section */

/* Begin PBXNativeTarget section */
		AC4DBB171E80A9D90026928F /* Exercício Enfermeira POO 2TINR */ = {
			isa = PBXNativeTarget;
			buildConfigurationList = AC4DBB1F1E80A9D90026928F /* Build configuration list for PBXNativeTarget "Exercício Enfermeira POO 2TINR" */;
			buildPhases = (
				AC4DBB141E80A9D90026928F /* Sources */,
				AC4DBB151E80A9D90026928F /* Frameworks */,
				AC4DBB161E80A9D90026928F /* CopyFiles */,
			);
			buildRules = (
			);
			dependencies = (
			);
			name = "Exercício Enfermeira POO 2TINR";
			productName = "Exercício Enfermeira POO 2TINR";
			productReference = AC4DBB181E80A9D90026928F /* Exercício Enfermeira POO 2TINR */;
			productType = "com.apple.product-type.tool";
		};
/* End PBXNativeTarget section */

/* Begin PBXProject section */
		AC4DBB101E80A9D90026928F /* Project object */ = {
			isa = PBXProject;
			attributes = {
				LastUpgradeCheck = 0810;
				ORGANIZATIONNAME = "Agesandro Scarpioni";
				TargetAttributes = {
					AC4DBB171E80A9D90026928F = {
						CreatedOnToolsVersion = 8.1;
						ProvisioningStyle = Automatic;
					};
				};
			};
			buildConfigurationList = AC4DBB131E80A9D90026928F /* Build configuration list for PBXProject "Exercício Enfermeira POO 2TINR" */;
			compatibilityVersion = "Xcode 3.2";
			developmentRegion = English;
			hasScannedForEncodings = 0;
			knownRegions = (
				en,
			);
			mainGroup = AC4DBB0F1E80A9D90026928F;
			productRefGroup = AC4DBB191E80A9D90026928F /* Products */;
			projectDirPath = "";
			projectRoot = "";
			targets = (
				AC4DBB171E80A9D90026928F /* Exercício Enfermeira POO 2TINR */,
			);
		};
/* End PBXProject section */

/* Begin PBXSourcesBuildPhase section */
		AC4DBB141E80A9D90026928F /* Sources */ = {
			isa = PBXSourcesBuildPhase;
			buildActionMask = 2147483647;
			files = (
				AC4DBB1C1E80A9D90026928F /* main.m in Sources */,
				AC4DBB241E80A9F30026928F /* Enfermeira.m in Sources */,
			);
			runOnlyForDeploymentPostprocessing = 0;
		};
/* End PBXSourcesBuildPhase section */

/* Begin XCBuildConfiguration section */
		AC4DBB1D1E80A9D90026928F /* Debug */ = {
			isa = XCBuildConfiguration;
			buildSettings = {
				ALWAYS_SEARCH_USER_PATHS = NO;
				CLANG_ANALYZER_NONNULL = YES;
				CLANG_CXX_LANGUAGE_STANDARD = "gnu++0x";
				CLANG_CXX_LIBRARY = "libc++";
				CLANG_ENABLE_MODULES = YES;
				CLANG_ENABLE_OBJC_ARC = YES;
				CLANG_WARN_BOOL_CONVERSION = YES;
				CLANG_WARN_CONSTANT_CONVERSION = YES;
				CLANG_WARN_DIRECT_OBJC_ISA_USAGE = YES_ERROR;
				CLANG_WARN_DOCUMENTATION_COMMENTS = YES;
				CLANG_WARN_EMPTY_BODY = YES;
				CLANG_WARN_ENUM_CONVERSION = YES;
				CLANG_WARN_INFINITE_RECURSION = YES;
				CLANG_WARN_INT_CONVERSION = YES;
				CLANG_WARN_OBJC_ROOT_CLASS = YES_ERROR;
				CLANG_WARN_SUSPICIOUS_MOVES = YES;
				CLANG_WARN_UNREACHABLE_CODE = YES;
				CLANG_WARN__DUPLICATE_METHOD_MATCH = YES;
				CODE_SIGN_IDENTITY = "-";
				COPY_PHASE_STRIP = NO;
				DEBUG_INFORMATION_FORMAT = dwarf;
				ENABLE_STRICT_OBJC_MSGSEND = YES;
				ENABLE_TESTABILITY = YES;
				GCC_C_LANGUAGE_STANDARD = gnu99;
				GCC_DYNAMIC_NO_PIC = NO;
				GCC_NO_COMMON_BLOCKS = YES;
				GCC_OPTIMIZATION_LEVEL = 0;
				GCC_PREPROCESSOR_DEFINITIONS = (
					"DEBUG=1",
					"$(inherited)",
				);
				GCC_WARN_64_TO_32_BIT_CONVERSION = YES;
				GCC_WARN_ABOUT_RETURN_TYPE = YES_ERROR;
				GCC_WARN_UNDECLARED_SELECTOR = YES;
				GCC_WARN_UNINITIALIZED_AUTOS = YES_AGGRESSIVE;
				GCC_WARN_UNUSED_FUNCTION = YES;
				GCC_WARN_UNUSED_VARIABLE = YES;
				MACOSX_DEPLOYMENT_TARGET = 10.12;
				MTL_ENABLE_DEBUG_INFO = YES;
				ONLY_ACTIVE_ARCH = YES;
				SDKROOT = macosx;
			};
			name = Debug;
		};
		AC4DBB1E1E80A9D90026928F /* Release */ = {
			isa = XCBuildConfiguration;
			buildSettings = {
				ALWAYS_SEARCH_USER_PATHS = NO;
				CLANG_ANALYZER_NONNULL = YES;
				CLANG_CXX_LANGUAGE_STANDARD = "gnu++0x";
				CLANG_CXX_LIBRARY = "libc++";
				CLANG_ENABLE_MODULES = YES;
				CLANG_ENABLE_OBJC_ARC = YES;
				CLANG_WARN_BOOL_CONVERSION = YES;
				CLANG_WARN_CONSTANT_CONVERSION = YES;
				CLANG_WARN_DIRECT_OBJC_ISA_USAGE = YES_ERROR;
				CLANG_WARN_DOCUMENTATION_COMMENTS = YES;
				CLANG_WARN_EMPTY_BODY = YES;
				CLANG_WARN_ENUM_CONVERSION = YES;
				CLANG_WARN_INFINITE_RECURSION = YES;
				CLANG_WARN_INT_CONVERSION = YES;
				CLANG_WARN_OBJC_ROOT_CLASS = YES_ERROR;
				CLANG_WARN_SUSPICIOUS_MOVES = YES;
				CLANG_WARN_UNREACHABLE_CODE = YES;
				CLANG_WARN__DUPLICATE_METHOD_MATCH = YES;
				CODE_SIGN_IDENTITY = "-";
				COPY_PHASE_STRIP = NO;
				DEBUG_INFORMATION_FORMAT = "dwarf-with-dsym";
				ENABLE_NS_ASSERTIONS = NO;
				ENABLE_STRICT_OBJC_MSGSEND = YES;
				GCC_C_LANGUAGE_STANDARD = gnu99;
				GCC_NO_COMMON_BLOCKS = YES;
				GCC_WARN_64_TO_32_BIT_CONVERSION = YES;
				GCC_WARN_ABOUT_RETURN_TYPE = YES_ERROR;
				GCC_WARN_UNDECLARED_SELECTOR = YES;
				GCC_WARN_UNINITIALIZED_AUTOS = YES_AGGRESSIVE;
				GCC_WARN_UNUSED_FUNCTION = YES;
				GCC_WARN_UNUSED_VARIABLE = YES;
				MACOSX_DEPLOYMENT_TARGET = 10.12;
				MTL_ENABLE_DEBUG_INFO = NO;
				SDKROOT = macosx;
			};
			name = Release;
		};
		AC4DBB201E80A9D90026928F /* Debug */ = {
			isa = XCBuildConfiguration;
			buildSettings = {
				PRODUCT_NAME = "$(TARGET_NAME)";
			};
			name = Debug;
		};
		AC4DBB211E80A9D90026928F /* Release */ = {
			isa = XCBuildConfiguration;
			buildSettings = {
				PRODUCT_NAME = "$(TARGET_NAME)";
			};
			name = Release;
		};
/* End XCBuildConfiguration section */

/* Begin XCConfigurationList section */
		AC4DBB131E80A9D90026928F /* Build configuration list for PBXProject "Exercício Enfermeira POO 2TINR" */ = {
			isa = XCConfigurationList;
			buildConfigurations = (
				AC4DBB1D1E80A9D90026928F /* Debug */,
				AC4DBB1E1E80A9D90026928F /* Release */,
			);
			defaultConfigurationIsVisible = 0;
			defaultConfigurationName = Release;
		};
		AC4DBB1F1E80A9D90026928F /* Build configuration list for PBXNativeTarget "Exercício Enfermeira POO 2TINR" */ = {
			isa = XCConfigurationList;
			buildConfigurations = (
				AC4DBB201E80A9D90026928F /* Debug */,
				AC4DBB211E80A9D90026928F /* Release */,
			);
			defaultConfigurationIsVisible = 0;
		};
/* End XCConfigurationList section */
	};
	rootObject = AC4DBB101E80A9D90026928F /* Project object */;
}
